// !$*UTF8*$!
{
	archiveVersion = 1;
	classes = {
	};
	objectVersion = 51;
	objects = {

/* Begin PBXBuildFile section */
		9F77215F267D8DC000E4ADB7 /* AppDelegate.swift in Sources */ = {isa = PBXBuildFile; fileRef = 9F77215E267D8DC000E4ADB7 /* AppDelegate.swift */; };
		9F772161267D8DC000E4ADB7 /* SceneDelegate.swift in Sources */ = {isa = PBXBuildFile; fileRef = 9F772160267D8DC000E4ADB7 /* SceneDelegate.swift */; };
		9F772163267D8DC000E4ADB7 /* MainViewController.swift in Sources */ = {isa = PBXBuildFile; fileRef = 9F772162267D8DC000E4ADB7 /* MainViewController.swift */; };
		9F772166267D8DC000E4ADB7 /* Main.storyboard in Resources */ = {isa = PBXBuildFile; fileRef = 9F772164267D8DC000E4ADB7 /* Main.storyboard */; };
		9F772168267D8DC100E4ADB7 /* Assets.xcassets in Resources */ = {isa = PBXBuildFile; fileRef = 9F772167267D8DC100E4ADB7 /* Assets.xcassets */; };
		9F77216B267D8DC100E4ADB7 /* LaunchScreen.storyboard in Resources */ = {isa = PBXBuildFile; fileRef = 9F772169267D8DC100E4ADB7 /* LaunchScreen.storyboard */; };
		9F77217B267DD34100E4ADB7 /* ExpensesViewController.swift in Sources */ = {isa = PBXBuildFile; fileRef = 9F77217A267DD34100E4ADB7 /* ExpensesViewController.swift */; };
		9F77217E267DD34A00E4ADB7 /* IncomeViewController.swift in Sources */ = {isa = PBXBuildFile; fileRef = 9F77217D267DD34A00E4ADB7 /* IncomeViewController.swift */; };
		9F772182267DE1A100E4ADB7 /* UIColor.swift in Sources */ = {isa = PBXBuildFile; fileRef = 9F772181267DE1A100E4ADB7 /* UIColor.swift */; };
		9F772187267E19B700E4ADB7 /* ExpensesCell.swift in Sources */ = {isa = PBXBuildFile; fileRef = 9F772186267E19B700E4ADB7 /* ExpensesCell.swift */; };
		9F77218B267E29FD00E4ADB7 /* Model.swift in Sources */ = {isa = PBXBuildFile; fileRef = 9F77218A267E29FD00E4ADB7 /* Model.swift */; };
		9F772191267E472500E4ADB7 /* IncomeCell.swift in Sources */ = {isa = PBXBuildFile; fileRef = 9F772190267E472500E4ADB7 /* IncomeCell.swift */; };
		9F772194267E4DAB00E4ADB7 /* TransferViewController.swift in Sources */ = {isa = PBXBuildFile; fileRef = 9F772193267E4DAB00E4ADB7 /* TransferViewController.swift */; };
		9F77219C267E7B4600E4ADB7 /* StructViewController.swift in Sources */ = {isa = PBXBuildFile; fileRef = 9F77219B267E7B4600E4ADB7 /* StructViewController.swift */; };
		9F7721A4267ED85800E4ADB7 /* MenuViewController.swift in Sources */ = {isa = PBXBuildFile; fileRef = 9F7721A3267ED85700E4ADB7 /* MenuViewController.swift */; };
		EAA9F28068DA0DD3FCF6C399 /* Pods_PersonalBudget.framework in Frameworks */ = {isa = PBXBuildFile; fileRef = 5804BFAB965E53F88BE3BF91 /* Pods_PersonalBudget.framework */; };
/* End PBXBuildFile section */

/* Begin PBXFileReference section */
		2CB60621B10B7D1F215DE9C2 /* Pods-PersonalBudget.debug.xcconfig */ = {isa = PBXFileReference; includeInIndex = 1; lastKnownFileType = text.xcconfig; name = "Pods-PersonalBudget.debug.xcconfig"; path = "Target Support Files/Pods-PersonalBudget/Pods-PersonalBudget.debug.xcconfig"; sourceTree = "<group>"; };
		5804BFAB965E53F88BE3BF91 /* Pods_PersonalBudget.framework */ = {isa = PBXFileReference; explicitFileType = wrapper.framework; includeInIndex = 0; path = Pods_PersonalBudget.framework; sourceTree = BUILT_PRODUCTS_DIR; };
		9F77215B267D8DC000E4ADB7 /* PersonalBudget.app */ = {isa = PBXFileReference; explicitFileType = wrapper.application; includeInIndex = 0; path = PersonalBudget.app; sourceTree = BUILT_PRODUCTS_DIR; };
		9F77215E267D8DC000E4ADB7 /* AppDelegate.swift */ = {isa = PBXFileReference; lastKnownFileType = sourcecode.swift; path = AppDelegate.swift; sourceTree = "<group>"; };
		9F772160267D8DC000E4ADB7 /* SceneDelegate.swift */ = {isa = PBXFileReference; lastKnownFileType = sourcecode.swift; path = SceneDelegate.swift; sourceTree = "<group>"; };
		9F772162267D8DC000E4ADB7 /* MainViewController.swift */ = {isa = PBXFileReference; lastKnownFileType = sourcecode.swift; path = MainViewController.swift; sourceTree = "<group>"; };
		9F772165267D8DC000E4ADB7 /* Base */ = {isa = PBXFileReference; lastKnownFileType = file.storyboard; name = Base; path = Base.lproj/Main.storyboard; sourceTree = "<group>"; };
		9F772167267D8DC100E4ADB7 /* Assets.xcassets */ = {isa = PBXFileReference; lastKnownFileType = folder.assetcatalog; path = Assets.xcassets; sourceTree = "<group>"; };
		9F77216A267D8DC100E4ADB7 /* Base */ = {isa = PBXFileReference; lastKnownFileType = file.storyboard; name = Base; path = Base.lproj/LaunchScreen.storyboard; sourceTree = "<group>"; };
		9F77216C267D8DC100E4ADB7 /* Info.plist */ = {isa = PBXFileReference; lastKnownFileType = text.plist.xml; path = Info.plist; sourceTree = "<group>"; };
		9F77217A267DD34100E4ADB7 /* ExpensesViewController.swift */ = {isa = PBXFileReference; lastKnownFileType = sourcecode.swift; path = ExpensesViewController.swift; sourceTree = "<group>"; };
		9F77217D267DD34A00E4ADB7 /* IncomeViewController.swift */ = {isa = PBXFileReference; lastKnownFileType = sourcecode.swift; path = IncomeViewController.swift; sourceTree = "<group>"; };
		9F772181267DE1A100E4ADB7 /* UIColor.swift */ = {isa = PBXFileReference; lastKnownFileType = sourcecode.swift; path = UIColor.swift; sourceTree = "<group>"; };
		9F772186267E19B700E4ADB7 /* ExpensesCell.swift */ = {isa = PBXFileReference; lastKnownFileType = sourcecode.swift; path = ExpensesCell.swift; sourceTree = "<group>"; };
		9F77218A267E29FD00E4ADB7 /* Model.swift */ = {isa = PBXFileReference; lastKnownFileType = sourcecode.swift; path = Model.swift; sourceTree = "<group>"; };
		9F772190267E472500E4ADB7 /* IncomeCell.swift */ = {isa = PBXFileReference; lastKnownFileType = sourcecode.swift; path = IncomeCell.swift; sourceTree = "<group>"; };
		9F772193267E4DAB00E4ADB7 /* TransferViewController.swift */ = {isa = PBXFileReference; lastKnownFileType = sourcecode.swift; path = TransferViewController.swift; sourceTree = "<group>"; };
		9F77219B267E7B4600E4ADB7 /* StructViewController.swift */ = {isa = PBXFileReference; lastKnownFileType = sourcecode.swift; path = StructViewController.swift; sourceTree = "<group>"; };
		9F7721A3267ED85700E4ADB7 /* MenuViewController.swift */ = {isa = PBXFileReference; lastKnownFileType = sourcecode.swift; path = MenuViewController.swift; sourceTree = "<group>"; };
		D2DD556F41F1456370E7C4C8 /* Pods-PersonalBudget.release.xcconfig */ = {isa = PBXFileReference; includeInIndex = 1; lastKnownFileType = text.xcconfig; name = "Pods-PersonalBudget.release.xcconfig"; path = "Target Support Files/Pods-PersonalBudget/Pods-PersonalBudget.release.xcconfig"; sourceTree = "<group>"; };
/* End PBXFileReference section */

/* Begin PBXFrameworksBuildPhase section */
		9F772158267D8DC000E4ADB7 /* Frameworks */ = {
			isa = PBXFrameworksBuildPhase;
			buildActionMask = 2147483647;
			files = (
				EAA9F28068DA0DD3FCF6C399 /* Pods_PersonalBudget.framework in Frameworks */,
			);
			runOnlyForDeploymentPostprocessing = 0;
		};
/* End PBXFrameworksBuildPhase section */

/* Begin PBXGroup section */
		3B172E9E077DD97B9980CB33 /* Pods */ = {
			isa = PBXGroup;
			children = (
				2CB60621B10B7D1F215DE9C2 /* Pods-PersonalBudget.debug.xcconfig */,
				D2DD556F41F1456370E7C4C8 /* Pods-PersonalBudget.release.xcconfig */,
			);
			path = Pods;
			sourceTree = "<group>";
		};
		96D06E402138202FFFC5CFFC /* Frameworks */ = {
			isa = PBXGroup;
			children = (
				5804BFAB965E53F88BE3BF91 /* Pods_PersonalBudget.framework */,
			);
			name = Frameworks;
			sourceTree = "<group>";
		};
		9F772152267D8DC000E4ADB7 = {
			isa = PBXGroup;
			children = (
				9F77215D267D8DC000E4ADB7 /* PersonalBudget */,
				9F77215C267D8DC000E4ADB7 /* Products */,
				3B172E9E077DD97B9980CB33 /* Pods */,
				96D06E402138202FFFC5CFFC /* Frameworks */,
			);
			sourceTree = "<group>";
		};
		9F77215C267D8DC000E4ADB7 /* Products */ = {
			isa = PBXGroup;
			children = (
				9F77215B267D8DC000E4ADB7 /* PersonalBudget.app */,
			);
			name = Products;
			sourceTree = "<group>";
		};
		9F77215D267D8DC000E4ADB7 /* PersonalBudget */ = {
			isa = PBXGroup;
			children = (
				9F77215E267D8DC000E4ADB7 /* AppDelegate.swift */,
				9F772160267D8DC000E4ADB7 /* SceneDelegate.swift */,
				9F772178267DD2EC00E4ADB7 /* Controller */,
				9F77218D267E2A0700E4ADB7 /* Model */,
				9F772180267DE18A00E4ADB7 /* Helper */,
				9F772185267E19A300E4ADB7 /* View */,
				9F772167267D8DC100E4ADB7 /* Assets.xcassets */,
				9F772169267D8DC100E4ADB7 /* LaunchScreen.storyboard */,
				9F77216C267D8DC100E4ADB7 /* Info.plist */,
			);
			path = PersonalBudget;
			sourceTree = "<group>";
		};
		9F772178267DD2EC00E4ADB7 /* Controller */ = {
			isa = PBXGroup;
			children = (
				9F772162267D8DC000E4ADB7 /* MainViewController.swift */,
				9F77217A267DD34100E4ADB7 /* ExpensesViewController.swift */,
				9F77217D267DD34A00E4ADB7 /* IncomeViewController.swift */,
				9F772193267E4DAB00E4ADB7 /* TransferViewController.swift */,
				9F77219B267E7B4600E4ADB7 /* StructViewController.swift */,
				9F7721A3267ED85700E4ADB7 /* MenuViewController.swift */,
			);
			path = Controller;
			sourceTree = "<group>";
		};
		9F772180267DE18A00E4ADB7 /* Helper */ = {
			isa = PBXGroup;
			children = (
				9F772181267DE1A100E4ADB7 /* UIColor.swift */,
			);
			path = Helper;
			sourceTree = "<group>";
		};
		9F772185267E19A300E4ADB7 /* View */ = {
			isa = PBXGroup;
			children = (
				9F772164267D8DC000E4ADB7 /* Main.storyboard */,
				9F772186267E19B700E4ADB7 /* ExpensesCell.swift */,
				9F772190267E472500E4ADB7 /* IncomeCell.swift */,
			);
			path = View;
			sourceTree = "<group>";
		};
		9F77218D267E2A0700E4ADB7 /* Model */ = {
			isa = PBXGroup;
			children = (
				9F77218A267E29FD00E4ADB7 /* Model.swift */,
			);
			path = Model;
			sourceTree = "<group>";
		};
/* End PBXGroup section */

/* Begin PBXNativeTarget section */
		9F77215A267D8DC000E4ADB7 /* PersonalBudget */ = {
			isa = PBXNativeTarget;
			buildConfigurationList = 9F77216F267D8DC100E4ADB7 /* Build configuration list for PBXNativeTarget "PersonalBudget" */;
			buildPhases = (
				0BF553E7AA768BCA8AC36A36 /* [CP] Check Pods Manifest.lock */,
				9F772157267D8DC000E4ADB7 /* Sources */,
				9F772158267D8DC000E4ADB7 /* Frameworks */,
				9F772159267D8DC000E4ADB7 /* Resources */,
				03FFEAB2272C3B8B197EFBD0 /* [CP] Embed Pods Frameworks */,
			);
			buildRules = (
			);
			dependencies = (
			);
			name = PersonalBudget;
			productName = PersonalBudget;
			productReference = 9F77215B267D8DC000E4ADB7 /* PersonalBudget.app */;
			productType = "com.apple.product-type.application";
		};
/* End PBXNativeTarget section */

/* Begin PBXProject section */
		9F772153267D8DC000E4ADB7 /* Project object */ = {
			isa = PBXProject;
			attributes = {
				LastSwiftUpdateCheck = 1230;
				LastUpgradeCheck = 1230;
				TargetAttributes = {
					9F77215A267D8DC000E4ADB7 = {
						CreatedOnToolsVersion = 12.3;
					};
				};
			};
			buildConfigurationList = 9F772156267D8DC000E4ADB7 /* Build configuration list for PBXProject "PersonalBudget" */;
			compatibilityVersion = "Xcode 9.3";
			developmentRegion = en;
			hasScannedForEncodings = 0;
			knownRegions = (
				en,
				Base,
			);
			mainGroup = 9F772152267D8DC000E4ADB7;
			productRefGroup = 9F77215C267D8DC000E4ADB7 /* Products */;
			projectDirPath = "";
			projectRoot = "";
			targets = (
				9F77215A267D8DC000E4ADB7 /* PersonalBudget */,
			);
		};
/* End PBXProject section */

/* Begin PBXResourcesBuildPhase section */
		9F772159267D8DC000E4ADB7 /* Resources */ = {
			isa = PBXResourcesBuildPhase;
			buildActionMask = 2147483647;
			files = (
				9F77216B267D8DC100E4ADB7 /* LaunchScreen.storyboard in Resources */,
				9F772168267D8DC100E4ADB7 /* Assets.xcassets in Resources */,
				9F772166267D8DC000E4ADB7 /* Main.storyboard in Resources */,
			);
			runOnlyForDeploymentPostprocessing = 0;
		};
/* End PBXResourcesBuildPhase section */

/* Begin PBXShellScriptBuildPhase section */
		03FFEAB2272C3B8B197EFBD0 /* [CP] Embed Pods Frameworks */ = {
			isa = PBXShellScriptBuildPhase;
			buildActionMask = 2147483647;
			files = (
			);
			inputFileListPaths = (
				"${PODS_ROOT}/Target Support Files/Pods-PersonalBudget/Pods-PersonalBudget-frameworks-${CONFIGURATION}-input-files.xcfilelist",
			);
			name = "[CP] Embed Pods Frameworks";
			outputFileListPaths = (
				"${PODS_ROOT}/Target Support Files/Pods-PersonalBudget/Pods-PersonalBudget-frameworks-${CONFIGURATION}-output-files.xcfilelist",
			);
			runOnlyForDeploymentPostprocessing = 0;
			shellPath = /bin/sh;
			shellScript = "\"${PODS_ROOT}/Target Support Files/Pods-PersonalBudget/Pods-PersonalBudget-frameworks.sh\"\n";
			showEnvVarsInLog = 0;
		};
		0BF553E7AA768BCA8AC36A36 /* [CP] Check Pods Manifest.lock */ = {
			isa = PBXShellScriptBuildPhase;
			buildActionMask = 2147483647;
			files = (
			);
			inputFileListPaths = (
			);
			inputPaths = (
				"${PODS_PODFILE_DIR_PATH}/Podfile.lock",
				"${PODS_ROOT}/Manifest.lock",
			);
			name = "[CP] Check Pods Manifest.lock";
			outputFileListPaths = (
			);
			outputPaths = (
				"$(DERIVED_FILE_DIR)/Pods-PersonalBudget-checkManifestLockResult.txt",
			);
			runOnlyForDeploymentPostprocessing = 0;
			shellPath = /bin/sh;
			shellScript = "diff \"${PODS_PODFILE_DIR_PATH}/Podfile.lock\" \"${PODS_ROOT}/Manifest.lock\" > /dev/null\nif [ $? != 0 ] ; then\n    # print error to STDERR\n    echo \"error: The sandbox is not in sync with the Podfile.lock. Run 'pod install' or update your CocoaPods installation.\" >&2\n    exit 1\nfi\n# This output is used by Xcode 'outputs' to avoid re-running this script phase.\necho \"SUCCESS\" > \"${SCRIPT_OUTPUT_FILE_0}\"\n";
			showEnvVarsInLog = 0;
		};
/* End PBXShellScriptBuildPhase section */

/* Begin PBXSourcesBuildPhase section */
		9F772157267D8DC000E4ADB7 /* Sources */ = {
			isa = PBXSourcesBuildPhase;
			buildActionMask = 2147483647;
			files = (
				9F772163267D8DC000E4ADB7 /* MainViewController.swift in Sources */,
				9F772194267E4DAB00E4ADB7 /* TransferViewController.swift in Sources */,
				9F772182267DE1A100E4ADB7 /* UIColor.swift in Sources */,
				9F77217E267DD34A00E4ADB7 /* IncomeViewController.swift in Sources */,
				9F772187267E19B700E4ADB7 /* ExpensesCell.swift in Sources */,
				9F772191267E472500E4ADB7 /* IncomeCell.swift in Sources */,
				9F77217B267DD34100E4ADB7 /* ExpensesViewController.swift in Sources */,
				9F7721A4267ED85800E4ADB7 /* MenuViewController.swift in Sources */,
				9F77215F267D8DC000E4ADB7 /* AppDelegate.swift in Sources */,
				9F77219C267E7B4600E4ADB7 /* StructViewController.swift in Sources */,
				9F772161267D8DC000E4ADB7 /* SceneDelegate.swift in Sources */,
				9F77218B267E29FD00E4ADB7 /* Model.swift in Sources */,
			);
			runOnlyForDeploymentPostprocessing = 0;
		};
/* End PBXSourcesBuildPhase section */

/* Begin PBXVariantGroup section */
		9F772164267D8DC000E4ADB7 /* Main.storyboard */ = {
			isa = PBXVariantGroup;
			children = (
				9F772165267D8DC000E4ADB7 /* Base */,
			);
			name = Main.storyboard;
			sourceTree = "<group>";
		};
		9F772169267D8DC100E4ADB7 /* LaunchScreen.storyboard */ = {
			isa = PBXVariantGroup;
			children = (
				9F77216A267D8DC100E4ADB7 /* Base */,
			);
			name = LaunchScreen.storyboard;
			sourceTree = "<group>";
		};
/* End PBXVariantGroup section */

/* Begin XCBuildConfiguration section */
		9F77216D267D8DC100E4ADB7 /* Debug */ = {
			isa = XCBuildConfiguration;
			buildSettings = {
				ALWAYS_SEARCH_USER_PATHS = NO;
				CLANG_ANALYZER_NONNULL = YES;
				CLANG_ANALYZER_NUMBER_OBJECT_CONVERSION = YES_AGGRESSIVE;
				CLANG_CXX_LANGUAGE_STANDARD = "gnu++14";
				CLANG_CXX_LIBRARY = "libc++";
				CLANG_ENABLE_MODULES = YES;
				CLANG_ENABLE_OBJC_ARC = YES;
				CLANG_ENABLE_OBJC_WEAK = YES;
				CLANG_WARN_BLOCK_CAPTURE_AUTORELEASING = YES;
				CLANG_WARN_BOOL_CONVERSION = YES;
				CLANG_WARN_COMMA = YES;
				CLANG_WARN_CONSTANT_CONVERSION = YES;
				CLANG_WARN_DEPRECATED_OBJC_IMPLEMENTATIONS = YES;
				CLANG_WARN_DIRECT_OBJC_ISA_USAGE = YES_ERROR;
				CLANG_WARN_DOCUMENTATION_COMMENTS = YES;
				CLANG_WARN_EMPTY_BODY = YES;
				CLANG_WARN_ENUM_CONVERSION = YES;
				CLANG_WARN_INFINITE_RECURSION = YES;
				CLANG_WARN_INT_CONVERSION = YES;
				CLANG_WARN_NON_LITERAL_NULL_CONVERSION = YES;
				CLANG_WARN_OBJC_IMPLICIT_RETAIN_SELF = YES;
				CLANG_WARN_OBJC_LITERAL_CONVERSION = YES;
				CLANG_WARN_OBJC_ROOT_CLASS = YES_ERROR;
				CLANG_WARN_QUOTED_INCLUDE_IN_FRAMEWORK_HEADER = YES;
				CLANG_WARN_RANGE_LOOP_ANALYSIS = YES;
				CLANG_WARN_STRICT_PROTOTYPES = YES;
				CLANG_WARN_SUSPICIOUS_MOVE = YES;
				CLANG_WARN_UNGUARDED_AVAILABILITY = YES_AGGRESSIVE;
				CLANG_WARN_UNREACHABLE_CODE = YES;
				CLANG_WARN__DUPLICATE_METHOD_MATCH = YES;
				COPY_PHASE_STRIP = NO;
				DEBUG_INFORMATION_FORMAT = dwarf;
				ENABLE_STRICT_OBJC_MSGSEND = YES;
				ENABLE_TESTABILITY = YES;
				GCC_C_LANGUAGE_STANDARD = gnu11;
				GCC_DYNAMIC_NO_PIC = NO;
				GCC_NO_COMMON_BLOCKS = YES;
				GCC_OPTIMIZATION_LEVEL = 0;
				GCC_PREPROCESSOR_DEFINITIONS = (
					"DEBUG=1",
					"$(inherited)",
				);
				GCC_WARN_64_TO_32_BIT_CONVERSION = YES;
				GCC_WARN_ABOUT_RETURN_TYPE = YES_ERROR;
				GCC_WARN_UNDECLARED_SELECTOR = YES;
				GCC_WARN_UNINITIALIZED_AUTOS = YES_AGGRESSIVE;
				GCC_WARN_UNUSED_FUNCTION = YES;
				GCC_WARN_UNUSED_VARIABLE = YES;
				IPHONEOS_DEPLOYMENT_TARGET = 14.3;
				MTL_ENABLE_DEBUG_INFO = INCLUDE_SOURCE;
				MTL_FAST_MATH = YES;
				ONLY_ACTIVE_ARCH = YES;
				SDKROOT = iphoneos;
				SWIFT_ACTIVE_COMPILATION_CONDITIONS = DEBUG;
				SWIFT_OPTIMIZATION_LEVEL = "-Onone";
			};
			name = Debug;
		};
		9F77216E267D8DC100E4ADB7 /* Release */ = {
			isa = XCBuildConfiguration;
			buildSettings = {
				ALWAYS_SEARCH_USER_PATHS = NO;
				CLANG_ANALYZER_NONNULL = YES;
				CLANG_ANALYZER_NUMBER_OBJECT_CONVERSION = YES_AGGRESSIVE;
				CLANG_CXX_LANGUAGE_STANDARD = "gnu++14";
				CLANG_CXX_LIBRARY = "libc++";
				CLANG_ENABLE_MODULES = YES;
				CLANG_ENABLE_OBJC_ARC = YES;
				CLANG_ENABLE_OBJC_WEAK = YES;
				CLANG_WARN_BLOCK_CAPTURE_AUTORELEASING = YES;
				CLANG_WARN_BOOL_CONVERSION = YES;
				CLANG_WARN_COMMA = YES;
				CLANG_WARN_CONSTANT_CONVERSION = YES;
				CLANG_WARN_DEPRECATED_OBJC_IMPLEMENTATIONS = YES;
				CLANG_WARN_DIRECT_OBJC_ISA_USAGE = YES_ERROR;
				CLANG_WARN_DOCUMENTATION_COMMENTS = YES;
				CLANG_WARN_EMPTY_BODY = YES;
				CLANG_WARN_ENUM_CONVERSION = YES;
				CLANG_WARN_INFINITE_RECURSION = YES;
				CLANG_WARN_INT_CONVERSION = YES;
				CLANG_WARN_NON_LITERAL_NULL_CONVERSION = YES;
				CLANG_WARN_OBJC_IMPLICIT_RETAIN_SELF = YES;
				CLANG_WARN_OBJC_LITERAL_CONVERSION = YES;
				CLANG_WARN_OBJC_ROOT_CLASS = YES_ERROR;
				CLANG_WARN_QUOTED_INCLUDE_IN_FRAMEWORK_HEADER = YES;
				CLANG_WARN_RANGE_LOOP_ANALYSIS = YES;
				CLANG_WARN_STRICT_PROTOTYPES = YES;
				CLANG_WARN_SUSPICIOUS_MOVE = YES;
				CLANG_WARN_UNGUARDED_AVAILABILITY = YES_AGGRESSIVE;
				CLANG_WARN_UNREACHABLE_CODE = YES;
				CLANG_WARN__DUPLICATE_METHOD_MATCH = YES;
				COPY_PHASE_STRIP = NO;
				DEBUG_INFORMATION_FORMAT = "dwarf-with-dsym";
				ENABLE_NS_ASSERTIONS = NO;
				ENABLE_STRICT_OBJC_MSGSEND = YES;
				GCC_C_LANGUAGE_STANDARD = gnu11;
				GCC_NO_COMMON_BLOCKS = YES;
				GCC_WARN_64_TO_32_BIT_CONVERSION = YES;
				GCC_WARN_ABOUT_RETURN_TYPE = YES_ERROR;
				GCC_WARN_UNDECLARED_SELECTOR = YES;
				GCC_WARN_UNINITIALIZED_AUTOS = YES_AGGRESSIVE;
				GCC_WARN_UNUSED_FUNCTION = YES;
				GCC_WARN_UNUSED_VARIABLE = YES;
				IPHONEOS_DEPLOYMENT_TARGET = 14.3;
				MTL_ENABLE_DEBUG_INFO = NO;
				MTL_FAST_MATH = YES;
				SDKROOT = iphoneos;
				SWIFT_COMPILATION_MODE = wholemodule;
				SWIFT_OPTIMIZATION_LEVEL = "-O";
				VALIDATE_PRODUCT = YES;
			};
			name = Release;
		};
		9F772170267D8DC100E4ADB7 /* Debug */ = {
			isa = XCBuildConfiguration;
			baseConfigurationReference = 2CB60621B10B7D1F215DE9C2 /* Pods-PersonalBudget.debug.xcconfig */;
			buildSettings = {
				ASSETCATALOG_COMPILER_APPICON_NAME = AppIcon;
				ASSETCATALOG_COMPILER_GLOBAL_ACCENT_COLOR_NAME = AccentColor;
				CODE_SIGN_STYLE = Automatic;
				DEVELOPMENT_TEAM = LYU3UQH224;
				INFOPLIST_FILE = PersonalBudget/Info.plist;
				LD_RUNPATH_SEARCH_PATHS = (
					"$(inherited)",
					"@executable_path/Frameworks",
				);
				PRODUCT_BUNDLE_IDENTIFIER = com.RizqiImam.PersonalBudget;
				PRODUCT_NAME = "$(TARGET_NAME)";
				SWIFT_VERSION = 5.0;
				TARGETED_DEVICE_FAMILY = "1,2";
			};
			name = Debug;
		};
		9F772171267D8DC100E4ADB7 /* Release */ = {
			isa = XCBuildConfiguration;
			baseConfigurationReference = D2DD556F41F1456370E7C4C8 /* Pods-PersonalBudget.release.xcconfig */;
			buildSettings = {
				ASSETCATALOG_COMPILER_APPICON_NAME = AppIcon;
				ASSETCATALOG_COMPILER_GLOBAL_ACCENT_COLOR_NAME = AccentColor;
				CODE_SIGN_STYLE = Automatic;
				DEVELOPMENT_TEAM = LYU3UQH224;
				INFOPLIST_FILE = PersonalBudget/Info.plist;
				LD_RUNPATH_SEARCH_PATHS = (
					"$(inherited)",
					"@executable_path/Frameworks",
				);
				PRODUCT_BUNDLE_IDENTIFIER = com.RizqiImam.PersonalBudget;
				PRODUCT_NAME = "$(TARGET_NAME)";
				SWIFT_VERSION = 5.0;
				TARGETED_DEVICE_FAMILY = "1,2";
			};
			name = Release;
		};
/* End XCBuildConfiguration section */

/* Begin XCConfigurationList section */
		9F772156267D8DC000E4ADB7 /* Build configuration list for PBXProject "PersonalBudget" */ = {
			isa = XCConfigurationList;
			buildConfigurations = (
				9F77216D267D8DC100E4ADB7 /* Debug */,
				9F77216E267D8DC100E4ADB7 /* Release */,
			);
			defaultConfigurationIsVisible = 0;
			defaultConfigurationName = Release;
		};
		9F77216F267D8DC100E4ADB7 /* Build configuration list for PBXNativeTarget "PersonalBudget" */ = {
			isa = XCConfigurationList;
			buildConfigurations = (
				9F772170267D8DC100E4ADB7 /* Debug */,
				9F772171267D8DC100E4ADB7 /* Release */,
			);
			defaultConfigurationIsVisible = 0;
			defaultConfigurationName = Release;
		};
/* End XCConfigurationList section */
	};
	rootObject = 9F772153267D8DC000E4ADB7 /* Project object */;
}
